PODS:
  - Amplify (1.23.0):
    - Amplify/Default (= 1.23.0)
  - Amplify/Default (1.23.0)
  - amplify_api_ios (0.0.1):
    - Amplify (= 1.23.0)
    - amplify_core
    - AmplifyPlugins/AWSAPIPlugin (= 1.23.0)
    - Flutter
    - SwiftFormat/CLI
    - SwiftLint
  - amplify_auth_cognito_ios (0.0.1):
    - Amplify (= 1.23.0)
    - amplify_core
    - AmplifyPlugins/AWSCognitoAuthPlugin (= 1.23.0)
    - Flutter
    - ObjectMapper
  - amplify_core (0.0.1):
    - Flutter
    - SwiftFormat/CLI
    - SwiftLint
  - amplify_datastore (0.0.1):
    - Amplify (= 1.23.0)
    - amplify_core
    - AmplifyPlugins/AWSDataStorePlugin (= 1.23.0)
    - Flutter
  - amplify_flutter_ios (0.0.1):
    - Amplify (= 1.23.0)
    - amplify_core
    - AmplifyPlugins/AWSCognitoAuthPlugin (= 1.23.0)
    - AWSPluginsCore (= 1.23.0)
    - Flutter
    - SwiftFormat/CLI
    - SwiftLint
  - AmplifyPlugins/AWSAPIPlugin (1.23.0):
    - AppSyncRealTimeClient (~> 1.8)
    - AWSCore (~> 2.27.0)
    - AWSPluginsCore (= 1.23.0)
  - AmplifyPlugins/AWSCognitoAuthPlugin (1.23.0):
    - AWSAuthCore (~> 2.27.0)
    - AWSCognitoIdentityProvider (~> 2.27.0)
    - AWSCognitoIdentityProviderASF (~> 2.27.0)
    - AWSCore (~> 2.27.0)
    - AWSMobileClient (~> 2.27.0)
    - AWSPluginsCore (= 1.23.0)
  - AmplifyPlugins/AWSDataStorePlugin (1.23.0):
    - AWSCore (~> 2.27.0)
    - AWSPluginsCore (= 1.23.0)
    - SQLite.swift (= 0.13.2)
  - AppSyncRealTimeClient (1.10.0):
    - Starscream (~> 4.0.4)
  - AWSAuthCore (2.27.15):
    - AWSCore (= 2.27.15)
  - AWSCognitoIdentityProvider (2.27.15):
    - AWSCognitoIdentityProviderASF (= 2.27.15)
    - AWSCore (= 2.27.15)
  - AWSCognitoIdentityProviderASF (2.27.15):
    - AWSCore (= 2.27.15)
  - AWSCore (2.27.15)
  - AWSMobileClient (2.27.15):
    - AWSAuthCore (= 2.27.15)
    - AWSCognitoIdentityProvider (= 2.27.15)
    - AWSCognitoIdentityProviderASF (= 2.27.15)
    - AWSCore (= 2.27.15)
  - AWSPluginsCore (1.23.0):
    - Amplify (= 1.23.0)
    - AWSCore (~> 2.27.0)
  - connectivity_plus (0.0.1):
    - Flutter
    - ReachabilitySwift
  - Firebase/Analytics (10.12.0):
    - Firebase/Core
  - Firebase/Core (10.12.0):
    - Firebase/CoreOnly
    - FirebaseAnalytics (~> 10.12.0)
  - Firebase/CoreOnly (10.12.0):
    - FirebaseCore (= 10.12.0)
  - firebase_analytics (10.4.5):
    - Firebase/Analytics (= 10.12.0)
    - firebase_core
    - Flutter
  - firebase_core (2.15.1):
    - Firebase/CoreOnly (= 10.12.0)
    - Flutter
  - FirebaseAnalytics (10.12.0):
    - FirebaseAnalytics/AdIdSupport (= 10.12.0)
    - FirebaseCore (~> 10.0)
    - FirebaseInstallations (~> 10.0)
    - GoogleUtilities/AppDelegateSwizzler (~> 7.11)
    - GoogleUtilities/MethodSwizzler (~> 7.11)
    - GoogleUtilities/Network (~> 7.11)
    - "GoogleUtilities/NSData+zlib (~> 7.11)"
    - nanopb (< 2.30910.0, >= 2.30908.0)
  - FirebaseAnalytics/AdIdSupport (10.12.0):
    - FirebaseCore (~> 10.0)
    - FirebaseInstallations (~> 10.0)
    - GoogleAppMeasurement (= 10.12.0)
    - GoogleUtilities/AppDelegateSwizzler (~> 7.11)
    - GoogleUtilities/MethodSwizzler (~> 7.11)
    - GoogleUtilities/Network (~> 7.11)
    - "GoogleUtilities/NSData+zlib (~> 7.11)"
    - nanopb (< 2.30910.0, >= 2.30908.0)
  - FirebaseCore (10.12.0):
    - FirebaseCoreInternal (~> 10.0)
    - GoogleUtilities/Environment (~> 7.8)
    - GoogleUtilities/Logger (~> 7.8)
  - FirebaseCoreInternal (10.13.0):
    - "GoogleUtilities/NSData+zlib (~> 7.8)"
  - FirebaseInstallations (10.13.0):
    - FirebaseCore (~> 10.0)
    - GoogleUtilities/Environment (~> 7.8)
    - GoogleUtilities/UserDefaults (~> 7.8)
    - PromisesObjC (~> 2.1)
  - Flutter (1.0.0)
  - flutter_keyboard_visibility (0.0.1):
    - Flutter
  - geocoder (0.0.1):
    - Flutter
  - geocoding_ios (1.0.5):
    - Flutter
  - geolocator_apple (1.2.0):
    - Flutter
  - google_maps_flutter_ios (0.0.1):
    - Flutter
    - GoogleMaps (< 8.0)
  - GoogleAppMeasurement (10.12.0):
    - GoogleAppMeasurement/AdIdSupport (= 10.12.0)
    - GoogleUtilities/AppDelegateSwizzler (~> 7.11)
    - GoogleUtilities/MethodSwizzler (~> 7.11)
    - GoogleUtilities/Network (~> 7.11)
    - "GoogleUtilities/NSData+zlib (~> 7.11)"
    - nanopb (< 2.30910.0, >= 2.30908.0)
  - GoogleAppMeasurement/AdIdSupport (10.12.0):
    - GoogleAppMeasurement/WithoutAdIdSupport (= 10.12.0)
    - GoogleUtilities/AppDelegateSwizzler (~> 7.11)
    - GoogleUtilities/MethodSwizzler (~> 7.11)
    - GoogleUtilities/Network (~> 7.11)
    - "GoogleUtilities/NSData+zlib (~> 7.11)"
    - nanopb (< 2.30910.0, >= 2.30908.0)
  - GoogleAppMeasurement/WithoutAdIdSupport (10.12.0):
    - GoogleUtilities/AppDelegateSwizzler (~> 7.11)
    - GoogleUtilities/MethodSwizzler (~> 7.11)
    - GoogleUtilities/Network (~> 7.11)
    - "GoogleUtilities/NSData+zlib (~> 7.11)"
    - nanopb (< 2.30910.0, >= 2.30908.0)
  - GoogleMaps (7.4.0):
    - GoogleMaps/Maps (= 7.4.0)
  - GoogleMaps/Base (7.4.0)
  - GoogleMaps/Maps (7.4.0):
    - GoogleMaps/Base
  - GoogleUtilities/AppDelegateSwizzler (7.11.5):
    - GoogleUtilities/Environment
    - GoogleUtilities/Logger
    - GoogleUtilities/Network
  - GoogleUtilities/Environment (7.11.5):
    - PromisesObjC (< 3.0, >= 1.2)
  - GoogleUtilities/Logger (7.11.5):
    - GoogleUtilities/Environment
  - GoogleUtilities/MethodSwizzler (7.11.5):
    - GoogleUtilities/Logger
  - GoogleUtilities/Network (7.11.5):
    - GoogleUtilities/Logger
    - "GoogleUtilities/NSData+zlib"
    - GoogleUtilities/Reachability
  - "GoogleUtilities/NSData+zlib (7.11.5)"
  - GoogleUtilities/Reachability (7.11.5):
    - GoogleUtilities/Logger
  - GoogleUtilities/UserDefaults (7.11.5):
    - GoogleUtilities/Logger
  - image_picker_ios (0.0.1):
    - Flutter
  - libphonenumber_plugin (0.0.1):
    - Flutter
    - PhoneNumberKit
  - location (0.0.1):
    - Flutter
  - nanopb (2.30909.0):
    - nanopb/decode (= 2.30909.0)
    - nanopb/encode (= 2.30909.0)
  - nanopb/decode (2.30909.0)
  - nanopb/encode (2.30909.0)
  - ObjectMapper (4.2.0)
  - onesignal_flutter (3.5.1):
    - Flutter
    - OneSignalXCFramework (= 3.12.4)
  - OneSignalXCFramework (3.12.4):
    - OneSignalXCFramework/OneSignalCore (= 3.12.4)
    - OneSignalXCFramework/OneSignalExtension (= 3.12.4)
    - OneSignalXCFramework/OneSignalOutcomes (= 3.12.4)
  - OneSignalXCFramework/OneSignalCore (3.12.4)
  - OneSignalXCFramework/OneSignalExtension (3.12.4):
    - OneSignalXCFramework/OneSignalCore
    - OneSignalXCFramework/OneSignalOutcomes
  - OneSignalXCFramework/OneSignalOutcomes (3.12.4):
    - OneSignalXCFramework/OneSignalCore
  - package_info_plus (0.4.5):
    - Flutter
  - path_provider_foundation (0.0.1):
    - Flutter
    - FlutterMacOS
  - pay_ios (0.0.1):
    - Flutter
  - PhoneNumberKit (3.6.7):
    - PhoneNumberKit/PhoneNumberKitCore (= 3.6.7)
    - PhoneNumberKit/UIKit (= 3.6.7)
  - PhoneNumberKit/PhoneNumberKitCore (3.6.7)
  - PhoneNumberKit/UIKit (3.6.7):
    - PhoneNumberKit/PhoneNumberKitCore
  - PromisesObjC (2.3.1)
  - ReachabilitySwift (5.0.0)
  - share_plus (0.0.1):
    - Flutter
  - SQLite.swift (0.13.2):
    - SQLite.swift/standard (= 0.13.2)
  - SQLite.swift/standard (0.13.2)
  - Starscream (4.0.4)
  - Stripe (23.8.0):
    - StripeApplePay (= 23.8.0)
    - StripeCore (= 23.8.0)
    - StripePayments (= 23.8.0)
    - StripePaymentsUI (= 23.8.0)
    - StripeUICore (= 23.8.0)
  - stripe_ios (0.0.1):
    - Flutter
    - Stripe (~> 23.8.0)
    - StripeApplePay (~> 23.8.0)
    - StripeFinancialConnections (~> 23.8.0)
    - StripePayments (~> 23.8.0)
    - StripePaymentSheet (~> 23.8.0)
    - StripePaymentsUI (~> 23.8.0)
  - StripeApplePay (23.8.0):
    - StripeCore (= 23.8.0)
  - StripeCore (23.8.0)
  - StripeFinancialConnections (23.8.0):
    - StripeCore (= 23.8.0)
    - StripeUICore (= 23.8.0)
  - StripePayments (23.8.0):
    - StripeCore (= 23.8.0)
    - StripePayments/Stripe3DS2 (= 23.8.0)
  - StripePayments/Stripe3DS2 (23.8.0):
    - StripeCore (= 23.8.0)
  - StripePaymentSheet (23.8.0):
    - StripeApplePay (= 23.8.0)
    - StripeCore (= 23.8.0)
    - StripePayments (= 23.8.0)
    - StripePaymentsUI (= 23.8.0)
  - StripePaymentsUI (23.8.0):
    - StripeCore (= 23.8.0)
    - StripePayments (= 23.8.0)
    - StripeUICore (= 23.8.0)
  - StripeUICore (23.8.0):
    - StripeCore (= 23.8.0)
  - SwiftFormat/CLI (0.51.13)
  - SwiftLint (0.52.4)
  - url_launcher_ios (0.0.1):
    - Flutter
  - webview_flutter_wkwebview (0.0.1):
    - Flutter

DEPENDENCIES:
  - amplify_api_ios (from `.symlinks/plugins/amplify_api_ios/ios`)
  - amplify_auth_cognito_ios (from `.symlinks/plugins/amplify_auth_cognito_ios/ios`)
  - amplify_core (from `.symlinks/plugins/amplify_core/ios`)
  - amplify_datastore (from `.symlinks/plugins/amplify_datastore/ios`)
  - amplify_flutter_ios (from `.symlinks/plugins/amplify_flutter_ios/ios`)
  - connectivity_plus (from `.symlinks/plugins/connectivity_plus/ios`)
  - firebase_analytics (from `.symlinks/plugins/firebase_analytics/ios`)
  - firebase_core (from `.symlinks/plugins/firebase_core/ios`)
  - Flutter (from `Flutter`)
  - flutter_keyboard_visibility (from `.symlinks/plugins/flutter_keyboard_visibility/ios`)
  - geocoder (from `.symlinks/plugins/geocoder/ios`)
  - geocoding_ios (from `.symlinks/plugins/geocoding_ios/ios`)
  - geolocator_apple (from `.symlinks/plugins/geolocator_apple/ios`)
  - google_maps_flutter_ios (from `.symlinks/plugins/google_maps_flutter_ios/ios`)
  - image_picker_ios (from `.symlinks/plugins/image_picker_ios/ios`)
  - libphonenumber_plugin (from `.symlinks/plugins/libphonenumber_plugin/ios`)
  - location (from `.symlinks/plugins/location/ios`)
  - onesignal_flutter (from `.symlinks/plugins/onesignal_flutter/ios`)
  - OneSignalXCFramework (< 4.0, >= 3.4.3)
  - package_info_plus (from `.symlinks/plugins/package_info_plus/ios`)
  - path_provider_foundation (from `.symlinks/plugins/path_provider_foundation/ios`)
  - pay_ios (from `.symlinks/plugins/pay_ios/ios`)
  - share_plus (from `.symlinks/plugins/share_plus/ios`)
  - stripe_ios (from `.symlinks/plugins/stripe_ios/ios`)
  - url_launcher_ios (from `.symlinks/plugins/url_launcher_ios/ios`)
  - webview_flutter_wkwebview (from `.symlinks/plugins/webview_flutter_wkwebview/ios`)

SPEC REPOS:
  trunk:
    - Amplify
    - AmplifyPlugins
    - AppSyncRealTimeClient
    - AWSAuthCore
    - AWSCognitoIdentityProvider
    - AWSCognitoIdentityProviderASF
    - AWSCore
    - AWSMobileClient
    - AWSPluginsCore
    - Firebase
    - FirebaseAnalytics
    - FirebaseCore
    - FirebaseCoreInternal
    - FirebaseInstallations
    - GoogleAppMeasurement
    - GoogleMaps
    - GoogleUtilities
    - nanopb
    - ObjectMapper
    - OneSignalXCFramework
    - PhoneNumberKit
    - PromisesObjC
    - ReachabilitySwift
    - SQLite.swift
    - Starscream
    - Stripe
    - StripeApplePay
    - StripeCore
    - StripeFinancialConnections
    - StripePayments
    - StripePaymentSheet
    - StripePaymentsUI
    - StripeUICore
    - SwiftFormat
    - SwiftLint

EXTERNAL SOURCES:
  amplify_api_ios:
    :path: ".symlinks/plugins/amplify_api_ios/ios"
  amplify_auth_cognito_ios:
    :path: ".symlinks/plugins/amplify_auth_cognito_ios/ios"
  amplify_core:
    :path: ".symlinks/plugins/amplify_core/ios"
  amplify_datastore:
    :path: ".symlinks/plugins/amplify_datastore/ios"
  amplify_flutter_ios:
    :path: ".symlinks/plugins/amplify_flutter_ios/ios"
  connectivity_plus:
    :path: ".symlinks/plugins/connectivity_plus/ios"
  firebase_analytics:
    :path: ".symlinks/plugins/firebase_analytics/ios"
  firebase_core:
    :path: ".symlinks/plugins/firebase_core/ios"
  Flutter:
    :path: Flutter
  flutter_keyboard_visibility:
    :path: ".symlinks/plugins/flutter_keyboard_visibility/ios"
  geocoder:
    :path: ".symlinks/plugins/geocoder/ios"
  geocoding_ios:
    :path: ".symlinks/plugins/geocoding_ios/ios"
  geolocator_apple:
    :path: ".symlinks/plugins/geolocator_apple/ios"
  google_maps_flutter_ios:
    :path: ".symlinks/plugins/google_maps_flutter_ios/ios"
  image_picker_ios:
    :path: ".symlinks/plugins/image_picker_ios/ios"
  libphonenumber_plugin:
    :path: ".symlinks/plugins/libphonenumber_plugin/ios"
  location:
    :path: ".symlinks/plugins/location/ios"
  onesignal_flutter:
    :path: ".symlinks/plugins/onesignal_flutter/ios"
  package_info_plus:
    :path: ".symlinks/plugins/package_info_plus/ios"
  path_provider_foundation:
    :path: ".symlinks/plugins/path_provider_foundation/ios"
  pay_ios:
    :path: ".symlinks/plugins/pay_ios/ios"
  share_plus:
    :path: ".symlinks/plugins/share_plus/ios"
  stripe_ios:
    :path: ".symlinks/plugins/stripe_ios/ios"
  url_launcher_ios:
    :path: ".symlinks/plugins/url_launcher_ios/ios"
  webview_flutter_wkwebview:
    :path: ".symlinks/plugins/webview_flutter_wkwebview/ios"

SPEC CHECKSUMS:
  Amplify: 010d6a71db20812d9e3062db1fe827393d01e584
  amplify_api_ios: df3f5e3ddd5ae4e0d2ce48dce18a23e787bac884
  amplify_auth_cognito_ios: c67d4bf0901717cb193f16ed24c389be7f4d7daf
  amplify_core: e67fe0c53845db08aced670bfc7370b1329d2798
  amplify_datastore: 8c35a89e553716222b33cc8cc587ea978a982244
  amplify_flutter_ios: a2cf41c13161ffefedab76055a29b2d4e78c91e8
  AmplifyPlugins: d939707cf36dfcd53c5fd6533e842e323a2287ab
  AppSyncRealTimeClient: 656ab4215e05f6ca47fe6d8c73f416d9984a8aac
  AWSAuthCore: 0bac0e67c28d620c8f823c88bd15d552544e801a
  AWSCognitoIdentityProvider: a8d244d0cdfeff425fe20a2fb49b7e9cb89c4748
  AWSCognitoIdentityProviderASF: 5dccf24b43c287eb1949e83cefccb6c25cdc04b7
  AWSCore: c67277201b6aca10e4cf24638eadaa67c85ebf03
  AWSMobileClient: 6f60d1fb6373e21aaada443dd4d4bf087158614d
  AWSPluginsCore: 120cfa265293694921b6595fe00d1cb5ab558847
  connectivity_plus: 413a8857dd5d9f1c399a39130850d02fe0feaf7e
  Firebase: 07150e75d142fb9399f6777fa56a187b17f833a0
  firebase_analytics: 3bdcd8b68b7b8ccf28bbcdcfb994309f6232f873
  firebase_core: 4a3246a02f828a01c74a2c26427037786d90f17f
  FirebaseAnalytics: 0270389efbe3022b54ec4588862dabec3477ee98
  FirebaseCore: f86a1394906b97ac445ae49c92552a9425831bed
  FirebaseCoreInternal: b342e37cd4f5b4454ec34308f073420e7920858e
  FirebaseInstallations: b28af1b9f997f1a799efe818c94695a3728c352f
  Flutter: f04841e97a9d0b0a8025694d0796dd46242b2854
  flutter_keyboard_visibility: 0339d06371254c3eb25eeb90ba8d17dca8f9c069
  geocoder: 3cfab70531a0b367e917bafe82df4c30f6d4c45a
  geocoding_ios: a389ea40f6f548de6e63006a2e31bf66ff80769a
  geolocator_apple: cc556e6844d508c95df1e87e3ea6fa4e58c50401
  google_maps_flutter_ios: abdac20d6ce8931f6ebc5f46616df241bfaa2cfd
  GoogleAppMeasurement: 2d800fab85e7848b1e66a6f8ce5bca06c5aad892
  GoogleMaps: 032f676450ba0779bd8ce16840690915f84e57ac
  GoogleUtilities: 13e2c67ede716b8741c7989e26893d151b2b2084
  image_picker_ios: 4a8aadfbb6dc30ad5141a2ce3832af9214a705b5
  libphonenumber_plugin: e8a7d64a6624a7c25f2c4ab0b7ead2a8e341e35e
  location: d5cf8598915965547c3f36761ae9cc4f4e87d22e
  nanopb: b552cce312b6c8484180ef47159bc0f65a1f0431
  ObjectMapper: 1eb41f610210777375fa806bf161dc39fb832b81
  onesignal_flutter: b8ac01bc3ebe47e798d7d775455c3a9b5b84f1c5
  OneSignalXCFramework: 087934ab0d4d7445fcf1c015c7c782359e26c020
  package_info_plus: fd030dabf36271f146f1f3beacd48f564b0f17f7
  path_provider_foundation: 29f094ae23ebbca9d3d0cec13889cd9060c0e943
  pay_ios: 8c7beb9c61d885f3f51b61f75f8793023fc8843a
  PhoneNumberKit: 43b5169526cc417398c8f13f77c97552c1c6ed76
  PromisesObjC: c50d2056b5253dadbd6c2bea79b0674bd5a52fa4
  ReachabilitySwift: 985039c6f7b23a1da463388634119492ff86c825
  share_plus: 599aa54e4ea31d4b4c0e9c911bcc26c55e791028
  SQLite.swift: 4fc2be46c36392e3b87afe6fe7f1801c1daa07ef
  Starscream: 5178aed56b316f13fa3bc55694e583d35dd414d9
  Stripe: 5432fbab660595a3bee937235dd71a99028ac68c
  stripe_ios: c731dafb26f3736baebde37ba45db708943d5229
  StripeApplePay: 5e686f50ee07c439b79b907dffeb144135e601c9
  StripeCore: 91164d69b8593f44df9ee93e56a00355592068b6
  StripeFinancialConnections: b30a494579271f33f38d9a934288c2ad617bfc26
  StripePayments: c19d94c55723894e1f47dadb40a6f1bfa7fac214
  StripePaymentSheet: 1fef5afa050bfd684e84553cba613041a2b3d7b7
  StripePaymentsUI: 7d2fc8fe17c3fdc63508bc54df2b7cc3f45c8ef7
  StripeUICore: 1dc4d2f9afcd908db85190e9091dfe260a1861fe
  SwiftFormat: f4c21fdf8aacdd2db6ffe110f939e0548c9a7de3
  SwiftLint: 1cc5cd61ba9bacb2194e340aeb47a2a37fda00b3
  url_launcher_ios: 08a3dfac5fb39e8759aeb0abbd5d9480f30fc8b4
  webview_flutter_wkwebview: 2e2d318f21a5e036e2c3f26171342e95908bd60a

PODFILE CHECKSUM: 189f4315f704f49d8687a645a03ebc1cdf30e9a2

COCOAPODS: 1.12.0
